// !$*UTF8*$!
{
	archiveVersion = 1;
	classes = {
	};
	objectVersion = 50;
	objects = {

/* Begin PBXBuildFile section */
		A958B0902473099600C74CBD /* DesignQA.framework in Frameworks */ = {isa = PBXBuildFile; fileRef = A958B0862473099600C74CBD /* DesignQA.framework */; };
		A958B0952473099600C74CBD /* DesignQATests.swift in Sources */ = {isa = PBXBuildFile; fileRef = A958B0942473099600C74CBD /* DesignQATests.swift */; };
		A958B0972473099600C74CBD /* DesignQA.h in Headers */ = {isa = PBXBuildFile; fileRef = A958B0892473099600C74CBD /* DesignQA.h */; settings = {ATTRIBUTES = (Public, ); }; };
		A958B0B424730A3400C74CBD /* DesignQA.swift in Sources */ = {isa = PBXBuildFile; fileRef = A958B0B324730A3400C74CBD /* DesignQA.swift */; };
		A958B0B824747A8900C74CBD /* ScreenshotHelper.swift in Sources */ = {isa = PBXBuildFile; fileRef = A958B0B724747A8900C74CBD /* ScreenshotHelper.swift */; };
/* End PBXBuildFile section */

/* Begin PBXContainerItemProxy section */
		A958B0912473099600C74CBD /* PBXContainerItemProxy */ = {
			isa = PBXContainerItemProxy;
			containerPortal = A958B07D2473099600C74CBD /* Project object */;
			proxyType = 1;
			remoteGlobalIDString = A958B0852473099600C74CBD;
			remoteInfo = DesignQA;
		};
/* End PBXContainerItemProxy section */

/* Begin PBXFileReference section */
		A958B0862473099600C74CBD /* DesignQA.framework */ = {isa = PBXFileReference; explicitFileType = wrapper.framework; includeInIndex = 0; path = DesignQA.framework; sourceTree = BUILT_PRODUCTS_DIR; };
		A958B0892473099600C74CBD /* DesignQA.h */ = {isa = PBXFileReference; lastKnownFileType = sourcecode.c.h; path = DesignQA.h; sourceTree = "<group>"; };
		A958B08A2473099600C74CBD /* Info.plist */ = {isa = PBXFileReference; lastKnownFileType = text.plist.xml; path = Info.plist; sourceTree = "<group>"; };
		A958B08F2473099600C74CBD /* DesignQATests.xctest */ = {isa = PBXFileReference; explicitFileType = wrapper.cfbundle; includeInIndex = 0; path = DesignQATests.xctest; sourceTree = BUILT_PRODUCTS_DIR; };
		A958B0942473099600C74CBD /* DesignQATests.swift */ = {isa = PBXFileReference; lastKnownFileType = sourcecode.swift; path = DesignQATests.swift; sourceTree = "<group>"; };
		A958B0962473099600C74CBD /* Info.plist */ = {isa = PBXFileReference; lastKnownFileType = text.plist.xml; path = Info.plist; sourceTree = "<group>"; };
		A958B0B324730A3400C74CBD /* DesignQA.swift */ = {isa = PBXFileReference; lastKnownFileType = sourcecode.swift; path = DesignQA.swift; sourceTree = "<group>"; };
		A958B0B724747A8900C74CBD /* ScreenshotHelper.swift */ = {isa = PBXFileReference; lastKnownFileType = sourcecode.swift; path = ScreenshotHelper.swift; sourceTree = "<group>"; };
/* End PBXFileReference section */

/* Begin PBXFrameworksBuildPhase section */
		A958B0832473099600C74CBD /* Frameworks */ = {
			isa = PBXFrameworksBuildPhase;
			buildActionMask = 2147483647;
			files = (
			);
			runOnlyForDeploymentPostprocessing = 0;
		};
		A958B08C2473099600C74CBD /* Frameworks */ = {
			isa = PBXFrameworksBuildPhase;
			buildActionMask = 2147483647;
			files = (
				A958B0902473099600C74CBD /* DesignQA.framework in Frameworks */,
			);
			runOnlyForDeploymentPostprocessing = 0;
		};
/* End PBXFrameworksBuildPhase section */

/* Begin PBXGroup section */
		A958B07C2473099600C74CBD = {
			isa = PBXGroup;
			children = (
				A958B0882473099600C74CBD /* DesignQA */,
				A958B0932473099600C74CBD /* DesignQATests */,
				A958B0872473099600C74CBD /* Products */,
			);
			sourceTree = "<group>";
		};
		A958B0872473099600C74CBD /* Products */ = {
			isa = PBXGroup;
			children = (
				A958B0862473099600C74CBD /* DesignQA.framework */,
				A958B08F2473099600C74CBD /* DesignQATests.xctest */,
			);
			name = Products;
			sourceTree = "<group>";
		};
		A958B0882473099600C74CBD /* DesignQA */ = {
			isa = PBXGroup;
			children = (
				A958B0892473099600C74CBD /* DesignQA.h */,
				A958B08A2473099600C74CBD /* Info.plist */,
				A958B0B324730A3400C74CBD /* DesignQA.swift */,
				A958B0B724747A8900C74CBD /* ScreenshotHelper.swift */,
			);
			path = DesignQA;
			sourceTree = "<group>";
		};
		A958B0932473099600C74CBD /* DesignQATests */ = {
			isa = PBXGroup;
			children = (
				A958B0942473099600C74CBD /* DesignQATests.swift */,
				A958B0962473099600C74CBD /* Info.plist */,
			);
			path = DesignQATests;
			sourceTree = "<group>";
		};
/* End PBXGroup section */

/* Begin PBXHeadersBuildPhase section */
		A958B0812473099600C74CBD /* Headers */ = {
			isa = PBXHeadersBuildPhase;
			buildActionMask = 2147483647;
			files = (
				A958B0972473099600C74CBD /* DesignQA.h in Headers */,
			);
			runOnlyForDeploymentPostprocessing = 0;
		};
/* End PBXHeadersBuildPhase section */

/* Begin PBXNativeTarget section */
		A958B0852473099600C74CBD /* DesignQA */ = {
			isa = PBXNativeTarget;
			buildConfigurationList = A958B09A2473099600C74CBD /* Build configuration list for PBXNativeTarget "DesignQA" */;
			buildPhases = (
				A958B0812473099600C74CBD /* Headers */,
				A958B0822473099600C74CBD /* Sources */,
				A958B0832473099600C74CBD /* Frameworks */,
				A958B0842473099600C74CBD /* Resources */,
			);
			buildRules = (
			);
			dependencies = (
			);
			name = DesignQA;
			productName = DesignQA;
			productReference = A958B0862473099600C74CBD /* DesignQA.framework */;
			productType = "com.apple.product-type.framework";
		};
		A958B08E2473099600C74CBD /* DesignQATests */ = {
			isa = PBXNativeTarget;
			buildConfigurationList = A958B09D2473099600C74CBD /* Build configuration list for PBXNativeTarget "DesignQATests" */;
			buildPhases = (
				A958B08B2473099600C74CBD /* Sources */,
				A958B08C2473099600C74CBD /* Frameworks */,
				A958B08D2473099600C74CBD /* Resources */,
			);
			buildRules = (
			);
			dependencies = (
				A958B0922473099600C74CBD /* PBXTargetDependency */,
			);
			name = DesignQATests;
			productName = DesignQATests;
			productReference = A958B08F2473099600C74CBD /* DesignQATests.xctest */;
			productType = "com.apple.product-type.bundle.unit-test";
		};
/* End PBXNativeTarget section */

/* Begin PBXProject section */
		A958B07D2473099600C74CBD /* Project object */ = {
			isa = PBXProject;
			attributes = {
				LastSwiftUpdateCheck = 1140;
				LastUpgradeCheck = 1140;
				ORGANIZATIONNAME = "Quinn McHenry";
				TargetAttributes = {
					A958B0852473099600C74CBD = {
						CreatedOnToolsVersion = 11.4.1;
						LastSwiftMigration = 1140;
					};
					A958B08E2473099600C74CBD = {
						CreatedOnToolsVersion = 11.4.1;
					};
				};
			};
			buildConfigurationList = A958B0802473099600C74CBD /* Build configuration list for PBXProject "DesignQA" */;
			compatibilityVersion = "Xcode 9.3";
			developmentRegion = en;
			hasScannedForEncodings = 0;
			knownRegions = (
				en,
				Base,
			);
			mainGroup = A958B07C2473099600C74CBD;
			productRefGroup = A958B0872473099600C74CBD /* Products */;
			projectDirPath = "";
			projectRoot = "";
			targets = (
				A958B0852473099600C74CBD /* DesignQA */,
				A958B08E2473099600C74CBD /* DesignQATests */,
			);
		};
/* End PBXProject section */

/* Begin PBXResourcesBuildPhase section */
		A958B0842473099600C74CBD /* Resources */ = {
			isa = PBXResourcesBuildPhase;
			buildActionMask = 2147483647;
			files = (
			);
			runOnlyForDeploymentPostprocessing = 0;
		};
		A958B08D2473099600C74CBD /* Resources */ = {
			isa = PBXResourcesBuildPhase;
			buildActionMask = 2147483647;
			files = (
			);
			runOnlyForDeploymentPostprocessing = 0;
		};
/* End PBXResourcesBuildPhase section */

/* Begin PBXSourcesBuildPhase section */
		A958B0822473099600C74CBD /* Sources */ = {
			isa = PBXSourcesBuildPhase;
			buildActionMask = 2147483647;
			files = (
				A958B0B424730A3400C74CBD /* DesignQA.swift in Sources */,
				A958B0B824747A8900C74CBD /* ScreenshotHelper.swift in Sources */,
			);
			runOnlyForDeploymentPostprocessing = 0;
		};
		A958B08B2473099600C74CBD /* Sources */ = {
			isa = PBXSourcesBuildPhase;
			buildActionMask = 2147483647;
			files = (
				A958B0952473099600C74CBD /* DesignQATests.swift in Sources */,
			);
			runOnlyForDeploymentPostprocessing = 0;
		};
/* End PBXSourcesBuildPhase section */

/* Begin PBXTargetDependency section */
		A958B0922473099600C74CBD /* PBXTargetDependency */ = {
			isa = PBXTargetDependency;
			target = A958B0852473099600C74CBD /* DesignQA */;
			targetProxy = A958B0912473099600C74CBD /* PBXContainerItemProxy */;
		};
/* End PBXTargetDependency section */

/* Begin XCBuildConfiguration section */
		A958B0982473099600C74CBD /* Debug */ = {
			isa = XCBuildConfiguration;
			buildSettings = {
				ALWAYS_SEARCH_USER_PATHS = NO;
				CLANG_ANALYZER_NONNULL = YES;
				CLANG_ANALYZER_NUMBER_OBJECT_CONVERSION = YES_AGGRESSIVE;
				CLANG_CXX_LANGUAGE_STANDARD = "gnu++14";
				CLANG_CXX_LIBRARY = "libc++";
				CLANG_ENABLE_MODULES = YES;
				CLANG_ENABLE_OBJC_ARC = YES;
				CLANG_ENABLE_OBJC_WEAK = YES;
				CLANG_WARN_BLOCK_CAPTURE_AUTORELEASING = YES;
				CLANG_WARN_BOOL_CONVERSION = YES;
				CLANG_WARN_COMMA = YES;
				CLANG_WARN_CONSTANT_CONVERSION = YES;
				CLANG_WARN_DEPRECATED_OBJC_IMPLEMENTATIONS = YES;
				CLANG_WARN_DIRECT_OBJC_ISA_USAGE = YES_ERROR;
				CLANG_WARN_DOCUMENTATION_COMMENTS = YES;
				CLANG_WARN_EMPTY_BODY = YES;
				CLANG_WARN_ENUM_CONVERSION = YES;
				CLANG_WARN_INFINITE_RECURSION = YES;
				CLANG_WARN_INT_CONVERSION = YES;
				CLANG_WARN_NON_LITERAL_NULL_CONVERSION = YES;
				CLANG_WARN_OBJC_IMPLICIT_RETAIN_SELF = YES;
				CLANG_WARN_OBJC_LITERAL_CONVERSION = YES;
				CLANG_WARN_OBJC_ROOT_CLASS = YES_ERROR;
				CLANG_WARN_RANGE_LOOP_ANALYSIS = YES;
				CLANG_WARN_STRICT_PROTOTYPES = YES;
				CLANG_WARN_SUSPICIOUS_MOVE = YES;
				CLANG_WARN_UNGUARDED_AVAILABILITY = YES_AGGRESSIVE;
				CLANG_WARN_UNREACHABLE_CODE = YES;
				CLANG_WARN__DUPLICATE_METHOD_MATCH = YES;
				COPY_PHASE_STRIP = NO;
				CURRENT_PROJECT_VERSION = 1;
				DEBUG_INFORMATION_FORMAT = dwarf;
				ENABLE_STRICT_OBJC_MSGSEND = YES;
				ENABLE_TESTABILITY = YES;
				GCC_C_LANGUAGE_STANDARD = gnu11;
				GCC_DYNAMIC_NO_PIC = NO;
				GCC_NO_COMMON_BLOCKS = YES;
				GCC_OPTIMIZATION_LEVEL = 0;
				GCC_PREPROCESSOR_DEFINITIONS = (
					"DEBUG=1",
					"$(inherited)",
				);
				GCC_WARN_64_TO_32_BIT_CONVERSION = YES;
				GCC_WARN_ABOUT_RETURN_TYPE = YES_ERROR;
				GCC_WARN_UNDECLARED_SELECTOR = YES;
				GCC_WARN_UNINITIALIZED_AUTOS = YES_AGGRESSIVE;
				GCC_WARN_UNUSED_FUNCTION = YES;
				GCC_WARN_UNUSED_VARIABLE = YES;
				IPHONEOS_DEPLOYMENT_TARGET = 13.4;
				MTL_ENABLE_DEBUG_INFO = INCLUDE_SOURCE;
				MTL_FAST_MATH = YES;
				ONLY_ACTIVE_ARCH = YES;
				SDKROOT = iphoneos;
				SWIFT_ACTIVE_COMPILATION_CONDITIONS = DEBUG;
				SWIFT_OPTIMIZATION_LEVEL = "-Onone";
				VERSIONING_SYSTEM = "apple-generic";
				VERSION_INFO_PREFIX = "";
			};
			name = Debug;
		};
		A958B0992473099600C74CBD /* Release */ = {
			isa = XCBuildConfiguration;
			buildSettings = {
				ALWAYS_SEARCH_USER_PATHS = NO;
				CLANG_ANALYZER_NONNULL = YES;
				CLANG_ANALYZER_NUMBER_OBJECT_CONVERSION = YES_AGGRESSIVE;
				CLANG_CXX_LANGUAGE_STANDARD = "gnu++14";
				CLANG_CXX_LIBRARY = "libc++";
				CLANG_ENABLE_MODULES = YES;
				CLANG_ENABLE_OBJC_ARC = YES;
				CLANG_ENABLE_OBJC_WEAK = YES;
				CLANG_WARN_BLOCK_CAPTURE_AUTORELEASING = YES;
				CLANG_WARN_BOOL_CONVERSION = YES;
				CLANG_WARN_COMMA = YES;
				CLANG_WARN_CONSTANT_CONVERSION = YES;
				CLANG_WARN_DEPRECATED_OBJC_IMPLEMENTATIONS = YES;
				CLANG_WARN_DIRECT_OBJC_ISA_USAGE = YES_ERROR;
				CLANG_WARN_DOCUMENTATION_COMMENTS = YES;
				CLANG_WARN_EMPTY_BODY = YES;
				CLANG_WARN_ENUM_CONVERSION = YES;
				CLANG_WARN_INFINITE_RECURSION = YES;
				CLANG_WARN_INT_CONVERSION = YES;
				CLANG_WARN_NON_LITERAL_NULL_CONVERSION = YES;
				CLANG_WARN_OBJC_IMPLICIT_RETAIN_SELF = YES;
				CLANG_WARN_OBJC_LITERAL_CONVERSION = YES;
				CLANG_WARN_OBJC_ROOT_CLASS = YES_ERROR;
				CLANG_WARN_RANGE_LOOP_ANALYSIS = YES;
				CLANG_WARN_STRICT_PROTOTYPES = YES;
				CLANG_WARN_SUSPICIOUS_MOVE = YES;
				CLANG_WARN_UNGUARDED_AVAILABILITY = YES_AGGRESSIVE;
				CLANG_WARN_UNREACHABLE_CODE = YES;
				CLANG_WARN__DUPLICATE_METHOD_MATCH = YES;
				COPY_PHASE_STRIP = NO;
				CURRENT_PROJECT_VERSION = 1;
				DEBUG_INFORMATION_FORMAT = "dwarf-with-dsym";
				ENABLE_NS_ASSERTIONS = NO;
				ENABLE_STRICT_OBJC_MSGSEND = YES;
				GCC_C_LANGUAGE_STANDARD = gnu11;
				GCC_NO_COMMON_BLOCKS = YES;
				GCC_WARN_64_TO_32_BIT_CONVERSION = YES;
				GCC_WARN_ABOUT_RETURN_TYPE = YES_ERROR;
				GCC_WARN_UNDECLARED_SELECTOR = YES;
				GCC_WARN_UNINITIALIZED_AUTOS = YES_AGGRESSIVE;
				GCC_WARN_UNUSED_FUNCTION = YES;
				GCC_WARN_UNUSED_VARIABLE = YES;
				IPHONEOS_DEPLOYMENT_TARGET = 13.4;
				MTL_ENABLE_DEBUG_INFO = NO;
				MTL_FAST_MATH = YES;
				SDKROOT = iphoneos;
				SWIFT_COMPILATION_MODE = wholemodule;
				SWIFT_OPTIMIZATION_LEVEL = "-O";
				VALIDATE_PRODUCT = YES;
				VERSIONING_SYSTEM = "apple-generic";
				VERSION_INFO_PREFIX = "";
			};
			name = Release;
		};
		A958B09B2473099600C74CBD /* Debug */ = {
			isa = XCBuildConfiguration;
			buildSettings = {
				CLANG_ENABLE_MODULES = YES;
				CODE_SIGN_STYLE = Automatic;
				DEFINES_MODULE = YES;
				DEVELOPMENT_TEAM = CZ959T86V4;
				DYLIB_COMPATIBILITY_VERSION = 1;
				DYLIB_CURRENT_VERSION = 1;
				DYLIB_INSTALL_NAME_BASE = "@rpath";
				INFOPLIST_FILE = DesignQA/Info.plist;
				INSTALL_PATH = "$(LOCAL_LIBRARY_DIR)/Frameworks";
				IPHONEOS_DEPLOYMENT_TARGET = 13.0;
				LD_RUNPATH_SEARCH_PATHS = (
					"$(inherited)",
					"@executable_path/Frameworks",
					"@loader_path/Frameworks",
				);
				PRODUCT_BUNDLE_IDENTIFIER = com.qmchenry.DesignQA;
				PRODUCT_NAME = "$(TARGET_NAME:c99extidentifier)";
				SKIP_INSTALL = YES;
				SWIFT_OPTIMIZATION_LEVEL = "-Onone";
				SWIFT_VERSION = 5.0;
				TARGETED_DEVICE_FAMILY = "1,2";
			};
			name = Debug;
		};
		A958B09C2473099600C74CBD /* Release */ = {
			isa = XCBuildConfiguration;
			buildSettings = {
				CLANG_ENABLE_MODULES = YES;
				CODE_SIGN_STYLE = Automatic;
				DEFINES_MODULE = YES;
				DEVELOPMENT_TEAM = CZ959T86V4;
				DYLIB_COMPATIBILITY_VERSION = 1;
				DYLIB_CURRENT_VERSION = 1;
				DYLIB_INSTALL_NAME_BASE = "@rpath";
				INFOPLIST_FILE = DesignQA/Info.plist;
				INSTALL_PATH = "$(LOCAL_LIBRARY_DIR)/Frameworks";
				IPHONEOS_DEPLOYMENT_TARGET = 13.0;
				LD_RUNPATH_SEARCH_PATHS = (
					"$(inherited)",
					"@executable_path/Frameworks",
					"@loader_path/Frameworks",
				);
				PRODUCT_BUNDLE_IDENTIFIER = com.qmchenry.DesignQA;
				PRODUCT_NAME = "$(TARGET_NAME:c99extidentifier)";
				SKIP_INSTALL = YES;
				SWIFT_VERSION = 5.0;
				TARGETED_DEVICE_FAMILY = "1,2";
			};
			name = Release;
		};
		A958B09E2473099600C74CBD /* Debug */ = {
			isa = XCBuildConfiguration;
			buildSettings = {
				ALWAYS_EMBED_SWIFT_STANDARD_LIBRARIES = YES;
				CODE_SIGN_STYLE = Automatic;
				DEVELOPMENT_TEAM = CZ959T86V4;
				INFOPLIST_FILE = DesignQATests/Info.plist;
				LD_RUNPATH_SEARCH_PATHS = (
					"$(inherited)",
					"@executable_path/Frameworks",
					"@loader_path/Frameworks",
				);
				PRODUCT_BUNDLE_IDENTIFIER = com.qmchenry.DesignQATests;
				PRODUCT_NAME = "$(TARGET_NAME)";
				SWIFT_VERSION = 5.0;
				TARGETED_DEVICE_FAMILY = "1,2";
			};
			name = Debug;
		};
		A958B09F2473099600C74CBD /* Release */ = {
			isa = XCBuildConfiguration;
			buildSettings = {
				ALWAYS_EMBED_SWIFT_STANDARD_LIBRARIES = YES;
				CODE_SIGN_STYLE = Automatic;
				DEVELOPMENT_TEAM = CZ959T86V4;
				INFOPLIST_FILE = DesignQATests/Info.plist;
				LD_RUNPATH_SEARCH_PATHS = (
					"$(inherited)",
					"@executable_path/Frameworks",
					"@loader_path/Frameworks",
				);
				PRODUCT_BUNDLE_IDENTIFIER = com.qmchenry.DesignQATests;
				PRODUCT_NAME = "$(TARGET_NAME)";
				SWIFT_VERSION = 5.0;
				TARGETED_DEVICE_FAMILY = "1,2";
			};
			name = Release;
		};
/* End XCBuildConfiguration section */

/* Begin XCConfigurationList section */
		A958B0802473099600C74CBD /* Build configuration list for PBXProject "DesignQA" */ = {
			isa = XCConfigurationList;
			buildConfigurations = (
				A958B0982473099600C74CBD /* Debug */,
				A958B0992473099600C74CBD /* Release */,
			);
			defaultConfigurationIsVisible = 0;
			defaultConfigurationName = Release;
		};
		A958B09A2473099600C74CBD /* Build configuration list for PBXNativeTarget "DesignQA" */ = {
			isa = XCConfigurationList;
			buildConfigurations = (
				A958B09B2473099600C74CBD /* Debug */,
				A958B09C2473099600C74CBD /* Release */,
			);
			defaultConfigurationIsVisible = 0;
			defaultConfigurationName = Release;
		};
		A958B09D2473099600C74CBD /* Build configuration list for PBXNativeTarget "DesignQATests" */ = {
			isa = XCConfigurationList;
			buildConfigurations = (
				A958B09E2473099600C74CBD /* Debug */,
				A958B09F2473099600C74CBD /* Release */,
			);
			defaultConfigurationIsVisible = 0;
			defaultConfigurationName = Release;
		};
/* End XCConfigurationList section */
	};
	rootObject = A958B07D2473099600C74CBD /* Project object */;
}
