{
  "object": {
    "pins": [
      {
        "package": "UILint",
        "repositoryURL": "https://github.com/qmchenry/UILint.git",
        "state": {
          "branch": "master",
          "revision": "9e8a3d8ed7d21921bda8f31dac684ae3840afd14",
          "version": null
        }
      }
    ]
  },
  "version": 1
}
